
Microsoft Visual Studio Solution File, Format Version 12.00
# Visual Studio 15
VisualStudioVersion = 15.0.28307.489
MinimumVisualStudioVersion = 10.0.40219.1
Project("{FAE04EC0-301F-11D3-BF4B-00C04F79EFBC}") = "DistTraveled_Calculator", "DistTraveled_Calculator\DistTraveled_Calculator.csproj", "{B2B76C38-DBCD-49BF-864C-A544E7A2ED38}"
EndProject
Global
	GlobalSection(SolutionConfigurationPlatforms) = preSolution
		Debug|Any CPU = Debug|Any CPU
		Release|Any CPU = Release|Any CPU
	EndGlobalSection
	GlobalSection(ProjectConfigurationPlatforms) = postSolution
		{B2B76C38-DBCD-49BF-864C-A544E7A2ED38}.Debug|Any CPU.ActiveCfg = Debug|Any CPU
		{B2B76C38-DBCD-49BF-864C-A544E7A2ED38}.Debug|Any CPU.Build.0 = Debug|Any CPU
		{B2B76C38-DBCD-49BF-864C-A544E7A2ED38}.Release|Any CPU.ActiveCfg = Release|Any CPU
		{B2B76C38-DBCD-49BF-864C-A544E7A2ED38}.Release|Any CPU.Build.0 = Release|Any CPU
	EndGlobalSection
	GlobalSection(SolutionProperties) = preSolution
		HideSolutionNode = FALSE
	EndGlobalSection
	GlobalSection(ExtensibilityGlobals) = postSolution
		SolutionGuid = {612D9185-364C-42ED-B20A-F5BDC1ECAC58}
	EndGlobalSection
EndGlobal
